{
  "name": "monpfe",
  "version": "0.0.1",
  "lockfileVersion": 1,
  "requires": true,
  "dependencies": {
    "angularfire2": {
      "version": "5.0.0-rc.4",
      "resolved": "https://registry.npmjs.org/angularfire2/-/angularfire2-5.0.0-rc.4.tgz",
      "integrity": "sha512-pmz0y2gwE+a79jiqysnpSUZm7FLXlM/1qQUITSw5Q64I1q8iztHmRWVTiUz+GqbZdkXDHmoNvcb7kgxBssaGdg=="
    }
  }
}
